
Microsoft Visual Studio Solution File, Format Version 12.00
# Visual Studio Version 17
VisualStudioVersion = 17.4.33213.308
MinimumVisualStudioVersion = 10.0.40219.1
Project("{FAE04EC0-301F-11D3-BF4B-00C04F79EFBC}") = "Core", "Core\Core.csproj", "{1BBE6541-B4AB-4FB2-A74D-76AF89383478}"
EndProject
Project("{FAE04EC0-301F-11D3-BF4B-00C04F79EFBC}") = "Characters", "Characters\Characters.csproj", "{F4F19DB2-F367-435C-AFB6-1F363827C134}"
EndProject
Project("{FAE04EC0-301F-11D3-BF4B-00C04F79EFBC}") = "QoL", "QoL\QoL.csproj", "{1470BA39-B2F7-496F-8A51-B2084ED58CE8}"
EndProject
Project("{FAE04EC0-301F-11D3-BF4B-00C04F79EFBC}") = "BuildsManager", "BuildsManager\BuildsManager.csproj", "{97BAA4DC-B0B1-46EA-B076-1B036DCF71F3}"
EndProject
Project("{2150E333-8FDC-42A3-9474-1A3956D46DE8}") = "Solution Items", "Solution Items", "{295DDC53-E1B0-4ADA-9F05-1AE4F0915299}"
	ProjectSection(SolutionItems) = preProject
		.editorconfig = .editorconfig
	EndProjectSection
EndProject
Project("{FAE04EC0-301F-11D3-BF4B-00C04F79EFBC}") = "AModule", "AModule\AModule.csproj", "{8E72F6C4-CF5F-4493-85E1-C37F2021CAA5}"
EndProject
Project("{FAE04EC0-301F-11D3-BF4B-00C04F79EFBC}") = "AnotherModule", "AnotherModule\AnotherModule.csproj", "{267A281D-9B69-4EBD-A1EE-3FFEE9CB4DAC}"
EndProject
Project("{D954291E-2A0B-460D-934E-DC6B0785DB48}") = "Shared", "Shared\Shared.shproj", "{116C7F9D-B0B1-454E-9DFB-EDFAF35D9299}"
EndProject
Global
	GlobalSection(SolutionConfigurationPlatforms) = preSolution
		Debug|Any CPU = Debug|Any CPU
		Release|Any CPU = Release|Any CPU
	EndGlobalSection
	GlobalSection(ProjectConfigurationPlatforms) = postSolution
		{1BBE6541-B4AB-4FB2-A74D-76AF89383478}.Debug|Any CPU.ActiveCfg = Debug|Any CPU
		{1BBE6541-B4AB-4FB2-A74D-76AF89383478}.Debug|Any CPU.Build.0 = Debug|Any CPU
		{1BBE6541-B4AB-4FB2-A74D-76AF89383478}.Release|Any CPU.ActiveCfg = Release|Any CPU
		{1BBE6541-B4AB-4FB2-A74D-76AF89383478}.Release|Any CPU.Build.0 = Release|Any CPU
		{F4F19DB2-F367-435C-AFB6-1F363827C134}.Debug|Any CPU.ActiveCfg = Debug|Any CPU
		{F4F19DB2-F367-435C-AFB6-1F363827C134}.Debug|Any CPU.Build.0 = Debug|Any CPU
		{F4F19DB2-F367-435C-AFB6-1F363827C134}.Release|Any CPU.ActiveCfg = Release|Any CPU
		{F4F19DB2-F367-435C-AFB6-1F363827C134}.Release|Any CPU.Build.0 = Release|Any CPU
		{1470BA39-B2F7-496F-8A51-B2084ED58CE8}.Debug|Any CPU.ActiveCfg = Debug|Any CPU
		{1470BA39-B2F7-496F-8A51-B2084ED58CE8}.Debug|Any CPU.Build.0 = Debug|Any CPU
		{1470BA39-B2F7-496F-8A51-B2084ED58CE8}.Release|Any CPU.ActiveCfg = Release|Any CPU
		{1470BA39-B2F7-496F-8A51-B2084ED58CE8}.Release|Any CPU.Build.0 = Release|Any CPU
		{97BAA4DC-B0B1-46EA-B076-1B036DCF71F3}.Debug|Any CPU.ActiveCfg = Debug|Any CPU
		{97BAA4DC-B0B1-46EA-B076-1B036DCF71F3}.Debug|Any CPU.Build.0 = Debug|Any CPU
		{97BAA4DC-B0B1-46EA-B076-1B036DCF71F3}.Release|Any CPU.ActiveCfg = Release|Any CPU
		{97BAA4DC-B0B1-46EA-B076-1B036DCF71F3}.Release|Any CPU.Build.0 = Release|Any CPU
		{8E72F6C4-CF5F-4493-85E1-C37F2021CAA5}.Debug|Any CPU.ActiveCfg = Debug|Any CPU
		{8E72F6C4-CF5F-4493-85E1-C37F2021CAA5}.Debug|Any CPU.Build.0 = Debug|Any CPU
		{8E72F6C4-CF5F-4493-85E1-C37F2021CAA5}.Release|Any CPU.ActiveCfg = Release|Any CPU
		{8E72F6C4-CF5F-4493-85E1-C37F2021CAA5}.Release|Any CPU.Build.0 = Release|Any CPU
		{267A281D-9B69-4EBD-A1EE-3FFEE9CB4DAC}.Debug|Any CPU.ActiveCfg = Debug|Any CPU
		{267A281D-9B69-4EBD-A1EE-3FFEE9CB4DAC}.Debug|Any CPU.Build.0 = Debug|Any CPU
		{267A281D-9B69-4EBD-A1EE-3FFEE9CB4DAC}.Release|Any CPU.ActiveCfg = Release|Any CPU
		{267A281D-9B69-4EBD-A1EE-3FFEE9CB4DAC}.Release|Any CPU.Build.0 = Release|Any CPU
	EndGlobalSection
	GlobalSection(SolutionProperties) = preSolution
		HideSolutionNode = FALSE
	EndGlobalSection
	GlobalSection(ExtensibilityGlobals) = postSolution
		SolutionGuid = {94085438-920A-4295-B0FF-07143DAE4052}
	EndGlobalSection
	GlobalSection(SharedMSBuildProjectFiles) = preSolution
		Shared\Shared.projitems*{116c7f9d-b0b1-454e-9dfb-edfaf35d9299}*SharedItemsImports = 13
		Shared\Shared.projitems*{1470ba39-b2f7-496f-8a51-b2084ed58ce8}*SharedItemsImports = 4
		Shared\Shared.projitems*{267a281d-9b69-4ebd-a1ee-3ffee9cb4dac}*SharedItemsImports = 4
		Shared\Shared.projitems*{8e72f6c4-cf5f-4493-85e1-c37f2021caa5}*SharedItemsImports = 4
		Shared\Shared.projitems*{97baa4dc-b0b1-46ea-b076-1b036dcf71f3}*SharedItemsImports = 4
		Shared\Shared.projitems*{f4f19db2-f367-435c-afb6-1f363827c134}*SharedItemsImports = 4
	EndGlobalSection
EndGlobal
